// !$*UTF8*$!
{
	archiveVersion = 1;
	classes = {
	};
	objectVersion = 50;
	objects = {

/* Begin PBXBuildFile section */
		7DAA3970DC9916A36C43E484 /* Pods_AppsConf.framework in Frameworks */ = {isa = PBXBuildFile; fileRef = 256553E6AD6430540E3D9E13 /* Pods_AppsConf.framework */; };
		A13460A22257326500CA35C7 /* TummyView.xib in Resources */ = {isa = PBXBuildFile; fileRef = A13460A12257326500CA35C7 /* TummyView.xib */; };
		A13460A422573C9300CA35C7 /* TummyView.swift in Sources */ = {isa = PBXBuildFile; fileRef = A13460A322573C9300CA35C7 /* TummyView.swift */; };
		A18C9A80224BDB9E001AB2E4 /* QRCodeViewController.swift in Sources */ = {isa = PBXBuildFile; fileRef = A18C9A7F224BDB9E001AB2E4 /* QRCodeViewController.swift */; };
		A198B3FB2263FBCA001013E5 /* Watchdog.swift in Sources */ = {isa = PBXBuildFile; fileRef = A198B3FA2263FBCA001013E5 /* Watchdog.swift */; };
		A19F27C12232CCD90072CBB1 /* AppDelegate.swift in Sources */ = {isa = PBXBuildFile; fileRef = A19F27C02232CCD90072CBB1 /* AppDelegate.swift */; };
		A19F27C32232CCD90072CBB1 /* ViewController.swift in Sources */ = {isa = PBXBuildFile; fileRef = A19F27C22232CCD90072CBB1 /* ViewController.swift */; };
		A19F27C62232CCD90072CBB1 /* Main.storyboard in Resources */ = {isa = PBXBuildFile; fileRef = A19F27C42232CCD90072CBB1 /* Main.storyboard */; };
		A19F27C82232CCDC0072CBB1 /* Assets.xcassets in Resources */ = {isa = PBXBuildFile; fileRef = A19F27C72232CCDC0072CBB1 /* Assets.xcassets */; };
		A19F27CB2232CCDC0072CBB1 /* LaunchScreen.storyboard in Resources */ = {isa = PBXBuildFile; fileRef = A19F27C92232CCDC0072CBB1 /* LaunchScreen.storyboard */; };
		A1A7220B2235713600422453 /* KeyboardTracker.swift in Sources */ = {isa = PBXBuildFile; fileRef = A1A7220A2235713600422453 /* KeyboardTracker.swift */; };
/* End PBXBuildFile section */

/* Begin PBXFileReference section */
		256553E6AD6430540E3D9E13 /* Pods_AppsConf.framework */ = {isa = PBXFileReference; explicitFileType = wrapper.framework; includeInIndex = 0; path = Pods_AppsConf.framework; sourceTree = BUILT_PRODUCTS_DIR; };
		3333EA97C6AC99BB8A6D3C66 /* Pods-AppsConf.release.xcconfig */ = {isa = PBXFileReference; includeInIndex = 1; lastKnownFileType = text.xcconfig; name = "Pods-AppsConf.release.xcconfig"; path = "Pods/Target Support Files/Pods-AppsConf/Pods-AppsConf.release.xcconfig"; sourceTree = "<group>"; };
		9F984D86B19805732FCFF201 /* Pods-AppsConf.debug.xcconfig */ = {isa = PBXFileReference; includeInIndex = 1; lastKnownFileType = text.xcconfig; name = "Pods-AppsConf.debug.xcconfig"; path = "Pods/Target Support Files/Pods-AppsConf/Pods-AppsConf.debug.xcconfig"; sourceTree = "<group>"; };
		A13460A12257326500CA35C7 /* TummyView.xib */ = {isa = PBXFileReference; lastKnownFileType = file.xib; path = TummyView.xib; sourceTree = "<group>"; };
		A13460A322573C9300CA35C7 /* TummyView.swift */ = {isa = PBXFileReference; lastKnownFileType = sourcecode.swift; path = TummyView.swift; sourceTree = "<group>"; };
		A18C9A7F224BDB9E001AB2E4 /* QRCodeViewController.swift */ = {isa = PBXFileReference; lastKnownFileType = sourcecode.swift; path = QRCodeViewController.swift; sourceTree = "<group>"; };
		A198B3FA2263FBCA001013E5 /* Watchdog.swift */ = {isa = PBXFileReference; lastKnownFileType = sourcecode.swift; path = Watchdog.swift; sourceTree = "<group>"; };
		A19F27BD2232CCD90072CBB1 /* AppsConf.app */ = {isa = PBXFileReference; explicitFileType = wrapper.application; includeInIndex = 0; path = AppsConf.app; sourceTree = BUILT_PRODUCTS_DIR; };
		A19F27C02232CCD90072CBB1 /* AppDelegate.swift */ = {isa = PBXFileReference; lastKnownFileType = sourcecode.swift; path = AppDelegate.swift; sourceTree = "<group>"; };
		A19F27C22232CCD90072CBB1 /* ViewController.swift */ = {isa = PBXFileReference; lastKnownFileType = sourcecode.swift; path = ViewController.swift; sourceTree = "<group>"; };
		A19F27C52232CCD90072CBB1 /* Base */ = {isa = PBXFileReference; lastKnownFileType = file.storyboard; name = Base; path = Base.lproj/Main.storyboard; sourceTree = "<group>"; };
		A19F27C72232CCDC0072CBB1 /* Assets.xcassets */ = {isa = PBXFileReference; lastKnownFileType = folder.assetcatalog; path = Assets.xcassets; sourceTree = "<group>"; };
		A19F27CA2232CCDC0072CBB1 /* Base */ = {isa = PBXFileReference; lastKnownFileType = file.storyboard; name = Base; path = Base.lproj/LaunchScreen.storyboard; sourceTree = "<group>"; };
		A19F27CC2232CCDC0072CBB1 /* Info.plist */ = {isa = PBXFileReference; lastKnownFileType = text.plist.xml; path = Info.plist; sourceTree = "<group>"; };
		A1A7220A2235713600422453 /* KeyboardTracker.swift */ = {isa = PBXFileReference; lastKnownFileType = sourcecode.swift; path = KeyboardTracker.swift; sourceTree = "<group>"; };
/* End PBXFileReference section */

/* Begin PBXFrameworksBuildPhase section */
		A19F27BA2232CCD90072CBB1 /* Frameworks */ = {
			isa = PBXFrameworksBuildPhase;
			buildActionMask = 2147483647;
			files = (
				7DAA3970DC9916A36C43E484 /* Pods_AppsConf.framework in Frameworks */,
			);
			runOnlyForDeploymentPostprocessing = 0;
		};
/* End PBXFrameworksBuildPhase section */

/* Begin PBXGroup section */
		8C1B3BC562988D826973B76A /* Pods */ = {
			isa = PBXGroup;
			children = (
				9F984D86B19805732FCFF201 /* Pods-AppsConf.debug.xcconfig */,
				3333EA97C6AC99BB8A6D3C66 /* Pods-AppsConf.release.xcconfig */,
			);
			name = Pods;
			sourceTree = "<group>";
		};
		939CD7DDFF70DF4C48C933A5 /* Frameworks */ = {
			isa = PBXGroup;
			children = (
				256553E6AD6430540E3D9E13 /* Pods_AppsConf.framework */,
			);
			name = Frameworks;
			sourceTree = "<group>";
		};
		A19F27B42232CCD90072CBB1 = {
			isa = PBXGroup;
			children = (
				A19F27BF2232CCD90072CBB1 /* AppsConf */,
				A19F27BE2232CCD90072CBB1 /* Products */,
				8C1B3BC562988D826973B76A /* Pods */,
				939CD7DDFF70DF4C48C933A5 /* Frameworks */,
			);
			sourceTree = "<group>";
		};
		A19F27BE2232CCD90072CBB1 /* Products */ = {
			isa = PBXGroup;
			children = (
				A19F27BD2232CCD90072CBB1 /* AppsConf.app */,
			);
			name = Products;
			sourceTree = "<group>";
		};
		A19F27BF2232CCD90072CBB1 /* AppsConf */ = {
			isa = PBXGroup;
			children = (
				A19F27C02232CCD90072CBB1 /* AppDelegate.swift */,
				A19F27C22232CCD90072CBB1 /* ViewController.swift */,
				A13460A322573C9300CA35C7 /* TummyView.swift */,
				A1A7220A2235713600422453 /* KeyboardTracker.swift */,
				A198B3FA2263FBCA001013E5 /* Watchdog.swift */,
				A19F27C42232CCD90072CBB1 /* Main.storyboard */,
				A13460A12257326500CA35C7 /* TummyView.xib */,
				A19F27C72232CCDC0072CBB1 /* Assets.xcassets */,
				A18C9A7F224BDB9E001AB2E4 /* QRCodeViewController.swift */,
				A19F27C92232CCDC0072CBB1 /* LaunchScreen.storyboard */,
				A19F27CC2232CCDC0072CBB1 /* Info.plist */,
			);
			path = AppsConf;
			sourceTree = "<group>";
		};
/* End PBXGroup section */

/* Begin PBXNativeTarget section */
		A19F27BC2232CCD90072CBB1 /* AppsConf */ = {
			isa = PBXNativeTarget;
			buildConfigurationList = A19F27CF2232CCDC0072CBB1 /* Build configuration list for PBXNativeTarget "AppsConf" */;
			buildPhases = (
				9D989AA23E262353099F30FB /* [CP] Check Pods Manifest.lock */,
				A19F27B92232CCD90072CBB1 /* Sources */,
				A19F27BA2232CCD90072CBB1 /* Frameworks */,
				A19F27BB2232CCD90072CBB1 /* Resources */,
				5EE67EA5DA3F10FDB7E081E0 /* [CP] Embed Pods Frameworks */,
			);
			buildRules = (
			);
			dependencies = (
			);
			name = AppsConf;
			productName = AppsConf;
			productReference = A19F27BD2232CCD90072CBB1 /* AppsConf.app */;
			productType = "com.apple.product-type.application";
		};
/* End PBXNativeTarget section */

/* Begin PBXProject section */
		A19F27B52232CCD90072CBB1 /* Project object */ = {
			isa = PBXProject;
			attributes = {
				LastSwiftUpdateCheck = 1010;
				LastUpgradeCheck = 1010;
				ORGANIZATIONNAME = k.mordan;
				TargetAttributes = {
					A19F27BC2232CCD90072CBB1 = {
						CreatedOnToolsVersion = 10.1;
					};
				};
			};
			buildConfigurationList = A19F27B82232CCD90072CBB1 /* Build configuration list for PBXProject "AppsConf" */;
			compatibilityVersion = "Xcode 9.3";
			developmentRegion = en;
			hasScannedForEncodings = 0;
			knownRegions = (
				en,
				Base,
			);
			mainGroup = A19F27B42232CCD90072CBB1;
			productRefGroup = A19F27BE2232CCD90072CBB1 /* Products */;
			projectDirPath = "";
			projectRoot = "";
			targets = (
				A19F27BC2232CCD90072CBB1 /* AppsConf */,
			);
		};
/* End PBXProject section */

/* Begin PBXResourcesBuildPhase section */
		A19F27BB2232CCD90072CBB1 /* Resources */ = {
			isa = PBXResourcesBuildPhase;
			buildActionMask = 2147483647;
			files = (
				A13460A22257326500CA35C7 /* TummyView.xib in Resources */,
				A19F27CB2232CCDC0072CBB1 /* LaunchScreen.storyboard in Resources */,
				A19F27C82232CCDC0072CBB1 /* Assets.xcassets in Resources */,
				A19F27C62232CCD90072CBB1 /* Main.storyboard in Resources */,
			);
			runOnlyForDeploymentPostprocessing = 0;
		};
/* End PBXResourcesBuildPhase section */

/* Begin PBXShellScriptBuildPhase section */
		5EE67EA5DA3F10FDB7E081E0 /* [CP] Embed Pods Frameworks */ = {
			isa = PBXShellScriptBuildPhase;
			buildActionMask = 2147483647;
			files = (
			);
			inputFileListPaths = (
			);
			inputPaths = (
				"${SRCROOT}/Pods/Target Support Files/Pods-AppsConf/Pods-AppsConf-frameworks.sh",
				"${BUILT_PRODUCTS_DIR}/YYKeyboardManager/YYKeyboardManager.framework",
			);
			name = "[CP] Embed Pods Frameworks";
			outputFileListPaths = (
			);
			outputPaths = (
				"${TARGET_BUILD_DIR}/${FRAMEWORKS_FOLDER_PATH}/YYKeyboardManager.framework",
			);
			runOnlyForDeploymentPostprocessing = 0;
			shellPath = /bin/sh;
			shellScript = "\"${SRCROOT}/Pods/Target Support Files/Pods-AppsConf/Pods-AppsConf-frameworks.sh\"\n";
			showEnvVarsInLog = 0;
		};
		9D989AA23E262353099F30FB /* [CP] Check Pods Manifest.lock */ = {
			isa = PBXShellScriptBuildPhase;
			buildActionMask = 2147483647;
			files = (
			);
			inputFileListPaths = (
			);
			inputPaths = (
				"${PODS_PODFILE_DIR_PATH}/Podfile.lock",
				"${PODS_ROOT}/Manifest.lock",
			);
			name = "[CP] Check Pods Manifest.lock";
			outputFileListPaths = (
			);
			outputPaths = (
				"$(DERIVED_FILE_DIR)/Pods-AppsConf-checkManifestLockResult.txt",
			);
			runOnlyForDeploymentPostprocessing = 0;
			shellPath = /bin/sh;
			shellScript = "diff \"${PODS_PODFILE_DIR_PATH}/Podfile.lock\" \"${PODS_ROOT}/Manifest.lock\" > /dev/null\nif [ $? != 0 ] ; then\n    # print error to STDERR\n    echo \"error: The sandbox is not in sync with the Podfile.lock. Run 'pod install' or update your CocoaPods installation.\" >&2\n    exit 1\nfi\n# This output is used by Xcode 'outputs' to avoid re-running this script phase.\necho \"SUCCESS\" > \"${SCRIPT_OUTPUT_FILE_0}\"\n";
			showEnvVarsInLog = 0;
		};
/* End PBXShellScriptBuildPhase section */

/* Begin PBXSourcesBuildPhase section */
		A19F27B92232CCD90072CBB1 /* Sources */ = {
			isa = PBXSourcesBuildPhase;
			buildActionMask = 2147483647;
			files = (
				A198B3FB2263FBCA001013E5 /* Watchdog.swift in Sources */,
				A19F27C32232CCD90072CBB1 /* ViewController.swift in Sources */,
				A1A7220B2235713600422453 /* KeyboardTracker.swift in Sources */,
				A13460A422573C9300CA35C7 /* TummyView.swift in Sources */,
				A18C9A80224BDB9E001AB2E4 /* QRCodeViewController.swift in Sources */,
				A19F27C12232CCD90072CBB1 /* AppDelegate.swift in Sources */,
			);
			runOnlyForDeploymentPostprocessing = 0;
		};
/* End PBXSourcesBuildPhase section */

/* Begin PBXVariantGroup section */
		A19F27C42232CCD90072CBB1 /* Main.storyboard */ = {
			isa = PBXVariantGroup;
			children = (
				A19F27C52232CCD90072CBB1 /* Base */,
			);
			name = Main.storyboard;
			sourceTree = "<group>";
		};
		A19F27C92232CCDC0072CBB1 /* LaunchScreen.storyboard */ = {
			isa = PBXVariantGroup;
			children = (
				A19F27CA2232CCDC0072CBB1 /* Base */,
			);
			name = LaunchScreen.storyboard;
			sourceTree = "<group>";
		};
/* End PBXVariantGroup section */

/* Begin XCBuildConfiguration section */
		A19F27CD2232CCDC0072CBB1 /* Debug */ = {
			isa = XCBuildConfiguration;
			buildSettings = {
				ALWAYS_SEARCH_USER_PATHS = NO;
				CLANG_ANALYZER_NONNULL = YES;
				CLANG_ANALYZER_NUMBER_OBJECT_CONVERSION = YES_AGGRESSIVE;
				CLANG_CXX_LANGUAGE_STANDARD = "gnu++14";
				CLANG_CXX_LIBRARY = "libc++";
				CLANG_ENABLE_MODULES = YES;
				CLANG_ENABLE_OBJC_ARC = YES;
				CLANG_ENABLE_OBJC_WEAK = YES;
				CLANG_WARN_BLOCK_CAPTURE_AUTORELEASING = YES;
				CLANG_WARN_BOOL_CONVERSION = YES;
				CLANG_WARN_COMMA = YES;
				CLANG_WARN_CONSTANT_CONVERSION = YES;
				CLANG_WARN_DEPRECATED_OBJC_IMPLEMENTATIONS = YES;
				CLANG_WARN_DIRECT_OBJC_ISA_USAGE = YES_ERROR;
				CLANG_WARN_DOCUMENTATION_COMMENTS = YES;
				CLANG_WARN_EMPTY_BODY = YES;
				CLANG_WARN_ENUM_CONVERSION = YES;
				CLANG_WARN_INFINITE_RECURSION = YES;
				CLANG_WARN_INT_CONVERSION = YES;
				CLANG_WARN_NON_LITERAL_NULL_CONVERSION = YES;
				CLANG_WARN_OBJC_IMPLICIT_RETAIN_SELF = YES;
				CLANG_WARN_OBJC_LITERAL_CONVERSION = YES;
				CLANG_WARN_OBJC_ROOT_CLASS = YES_ERROR;
				CLANG_WARN_RANGE_LOOP_ANALYSIS = YES;
				CLANG_WARN_STRICT_PROTOTYPES = YES;
				CLANG_WARN_SUSPICIOUS_MOVE = YES;
				CLANG_WARN_UNGUARDED_AVAILABILITY = YES_AGGRESSIVE;
				CLANG_WARN_UNREACHABLE_CODE = YES;
				CLANG_WARN__DUPLICATE_METHOD_MATCH = YES;
				CODE_SIGN_IDENTITY = "iPhone Developer";
				COPY_PHASE_STRIP = NO;
				DEBUG_INFORMATION_FORMAT = dwarf;
				ENABLE_STRICT_OBJC_MSGSEND = YES;
				ENABLE_TESTABILITY = YES;
				GCC_C_LANGUAGE_STANDARD = gnu11;
				GCC_DYNAMIC_NO_PIC = NO;
				GCC_NO_COMMON_BLOCKS = YES;
				GCC_OPTIMIZATION_LEVEL = 0;
				GCC_PREPROCESSOR_DEFINITIONS = (
					"DEBUG=1",
					"$(inherited)",
				);
				GCC_WARN_64_TO_32_BIT_CONVERSION = YES;
				GCC_WARN_ABOUT_RETURN_TYPE = YES_ERROR;
				GCC_WARN_UNDECLARED_SELECTOR = YES;
				GCC_WARN_UNINITIALIZED_AUTOS = YES_AGGRESSIVE;
				GCC_WARN_UNUSED_FUNCTION = YES;
				GCC_WARN_UNUSED_VARIABLE = YES;
				IPHONEOS_DEPLOYMENT_TARGET = 12.1;
				MTL_ENABLE_DEBUG_INFO = INCLUDE_SOURCE;
				MTL_FAST_MATH = YES;
				ONLY_ACTIVE_ARCH = YES;
				SDKROOT = iphoneos;
				SWIFT_ACTIVE_COMPILATION_CONDITIONS = DEBUG;
				SWIFT_OPTIMIZATION_LEVEL = "-Onone";
			};
			name = Debug;
		};
		A19F27CE2232CCDC0072CBB1 /* Release */ = {
			isa = XCBuildConfiguration;
			buildSettings = {
				ALWAYS_SEARCH_USER_PATHS = NO;
				CLANG_ANALYZER_NONNULL = YES;
				CLANG_ANALYZER_NUMBER_OBJECT_CONVERSION = YES_AGGRESSIVE;
				CLANG_CXX_LANGUAGE_STANDARD = "gnu++14";
				CLANG_CXX_LIBRARY = "libc++";
				CLANG_ENABLE_MODULES = YES;
				CLANG_ENABLE_OBJC_ARC = YES;
				CLANG_ENABLE_OBJC_WEAK = YES;
				CLANG_WARN_BLOCK_CAPTURE_AUTORELEASING = YES;
				CLANG_WARN_BOOL_CONVERSION = YES;
				CLANG_WARN_COMMA = YES;
				CLANG_WARN_CONSTANT_CONVERSION = YES;
				CLANG_WARN_DEPRECATED_OBJC_IMPLEMENTATIONS = YES;
				CLANG_WARN_DIRECT_OBJC_ISA_USAGE = YES_ERROR;
				CLANG_WARN_DOCUMENTATION_COMMENTS = YES;
				CLANG_WARN_EMPTY_BODY = YES;
				CLANG_WARN_ENUM_CONVERSION = YES;
				CLANG_WARN_INFINITE_RECURSION = YES;
				CLANG_WARN_INT_CONVERSION = YES;
				CLANG_WARN_NON_LITERAL_NULL_CONVERSION = YES;
				CLANG_WARN_OBJC_IMPLICIT_RETAIN_SELF = YES;
				CLANG_WARN_OBJC_LITERAL_CONVERSION = YES;
				CLANG_WARN_OBJC_ROOT_CLASS = YES_ERROR;
				CLANG_WARN_RANGE_LOOP_ANALYSIS = YES;
				CLANG_WARN_STRICT_PROTOTYPES = YES;
				CLANG_WARN_SUSPICIOUS_MOVE = YES;
				CLANG_WARN_UNGUARDED_AVAILABILITY = YES_AGGRESSIVE;
				CLANG_WARN_UNREACHABLE_CODE = YES;
				CLANG_WARN__DUPLICATE_METHOD_MATCH = YES;
				CODE_SIGN_IDENTITY = "iPhone Developer";
				COPY_PHASE_STRIP = NO;
				DEBUG_INFORMATION_FORMAT = "dwarf-with-dsym";
				ENABLE_NS_ASSERTIONS = NO;
				ENABLE_STRICT_OBJC_MSGSEND = YES;
				GCC_C_LANGUAGE_STANDARD = gnu11;
				GCC_NO_COMMON_BLOCKS = YES;
				GCC_WARN_64_TO_32_BIT_CONVERSION = YES;
				GCC_WARN_ABOUT_RETURN_TYPE = YES_ERROR;
				GCC_WARN_UNDECLARED_SELECTOR = YES;
				GCC_WARN_UNINITIALIZED_AUTOS = YES_AGGRESSIVE;
				GCC_WARN_UNUSED_FUNCTION = YES;
				GCC_WARN_UNUSED_VARIABLE = YES;
				IPHONEOS_DEPLOYMENT_TARGET = 12.1;
				MTL_ENABLE_DEBUG_INFO = NO;
				MTL_FAST_MATH = YES;
				SDKROOT = iphoneos;
				SWIFT_COMPILATION_MODE = wholemodule;
				SWIFT_OPTIMIZATION_LEVEL = "-O";
				VALIDATE_PRODUCT = YES;
			};
			name = Release;
		};
		A19F27D02232CCDC0072CBB1 /* Debug */ = {
			isa = XCBuildConfiguration;
			baseConfigurationReference = 9F984D86B19805732FCFF201 /* Pods-AppsConf.debug.xcconfig */;
			buildSettings = {
				ASSETCATALOG_COMPILER_APPICON_NAME = AppIcon;
				CODE_SIGN_STYLE = Automatic;
				DEVELOPMENT_TEAM = M4E4WW9WL6;
				INFOPLIST_FILE = AppsConf/Info.plist;
				IPHONEOS_DEPLOYMENT_TARGET = 10.0;
				LD_RUNPATH_SEARCH_PATHS = (
					"$(inherited)",
					"@executable_path/Frameworks",
				);
				PRODUCT_BUNDLE_IDENTIFIER = com.icq.dev;
				PRODUCT_NAME = "$(TARGET_NAME)";
				SWIFT_VERSION = 4.2;
				TARGETED_DEVICE_FAMILY = "1,2";
			};
			name = Debug;
		};
		A19F27D12232CCDC0072CBB1 /* Release */ = {
			isa = XCBuildConfiguration;
			baseConfigurationReference = 3333EA97C6AC99BB8A6D3C66 /* Pods-AppsConf.release.xcconfig */;
			buildSettings = {
				ASSETCATALOG_COMPILER_APPICON_NAME = AppIcon;
				CODE_SIGN_STYLE = Automatic;
				DEVELOPMENT_TEAM = M4E4WW9WL6;
				INFOPLIST_FILE = AppsConf/Info.plist;
				IPHONEOS_DEPLOYMENT_TARGET = 10.0;
				LD_RUNPATH_SEARCH_PATHS = (
					"$(inherited)",
					"@executable_path/Frameworks",
				);
				PRODUCT_BUNDLE_IDENTIFIER = com.icq.dev;
				PRODUCT_NAME = "$(TARGET_NAME)";
				SWIFT_VERSION = 4.2;
				TARGETED_DEVICE_FAMILY = "1,2";
			};
			name = Release;
		};
/* End XCBuildConfiguration section */

/* Begin XCConfigurationList section */
		A19F27B82232CCD90072CBB1 /* Build configuration list for PBXProject "AppsConf" */ = {
			isa = XCConfigurationList;
			buildConfigurations = (
				A19F27CD2232CCDC0072CBB1 /* Debug */,
				A19F27CE2232CCDC0072CBB1 /* Release */,
			);
			defaultConfigurationIsVisible = 0;
			defaultConfigurationName = Release;
		};
		A19F27CF2232CCDC0072CBB1 /* Build configuration list for PBXNativeTarget "AppsConf" */ = {
			isa = XCConfigurationList;
			buildConfigurations = (
				A19F27D02232CCDC0072CBB1 /* Debug */,
				A19F27D12232CCDC0072CBB1 /* Release */,
			);
			defaultConfigurationIsVisible = 0;
			defaultConfigurationName = Release;
		};
/* End XCConfigurationList section */
	};
	rootObject = A19F27B52232CCD90072CBB1 /* Project object */;
}
